{
  "version": 4,
  "terraform_version": "1.4.6",
  "serial": 97,
  "lineage": "04a071f3-0b9c-ae8f-2c8f-f856eac55071",
  "outputs": {},
  "resources": [
    {
      "mode": "data",
      "type": "aws_db_subnet_group",
      "name": "c7-subnets",
      "provider": "provider[\"registry.terraform.io/hashicorp/aws\"]",
      "instances": [
        {
          "schema_version": 0,
          "attributes": {
            "arn": "arn:aws:rds:eu-west-2:605126261673:subgrp:c7-db-subnet-group",
            "description": "Managed by Terraform",
            "id": "c7-db-subnet-group",
            "name": "c7-db-subnet-group",
            "status": "Complete",
            "subnet_ids": [
              "subnet-07f982f51c870f9d1",
              "subnet-0b265a90c0cadfb99",
              "subnet-0bd43551b596597e1"
            ],
            "supported_network_types": [
              "IPV4"
            ],
            "vpc_id": "vpc-010fd888c94cf5102"
          },
          "sensitive_attributes": []
        }
      ]
    },
    {
      "mode": "data",
      "type": "aws_iam_policy_document",
      "name": "assume_role",
      "provider": "provider[\"registry.terraform.io/hashicorp/aws\"]",
      "instances": [
        {
          "schema_version": 0,
          "attributes": {
            "id": "3693445097",
            "json": "{\n  \"Version\": \"2012-10-17\",\n  \"Statement\": [\n    {\n      \"Sid\": \"\",\n      \"Effect\": \"Allow\",\n      \"Action\": \"sts:AssumeRole\",\n      \"Principal\": {\n        \"Service\": \"lambda.amazonaws.com\"\n      }\n    }\n  ]\n}",
            "override_json": null,
            "override_policy_documents": null,
            "policy_id": null,
            "source_json": null,
            "source_policy_documents": null,
            "statement": [
              {
                "actions": [
                  "sts:AssumeRole"
                ],
                "condition": [],
                "effect": "Allow",
                "not_actions": [],
                "not_principals": [],
                "not_resources": [],
                "principals": [
                  {
                    "identifiers": [
                      "lambda.amazonaws.com"
                    ],
                    "type": "Service"
                  }
                ],
                "resources": [],
                "sid": ""
              }
            ],
            "version": "2012-10-17"
          },
          "sensitive_attributes": []
        }
      ]
    },
    {
      "mode": "data",
      "type": "aws_security_group",
      "name": "c7-remote-access",
      "provider": "provider[\"registry.terraform.io/hashicorp/aws\"]",
      "instances": [
        {
          "schema_version": 0,
          "attributes": {
            "arn": "arn:aws:ec2:eu-west-2:605126261673:security-group/sg-01745c9fa38b8ed68",
            "description": "Allows remote access to C7 resources",
            "filter": null,
            "id": "sg-01745c9fa38b8ed68",
            "name": "c7-remote-access",
            "tags": {},
            "timeouts": null,
            "vpc_id": "vpc-010fd888c94cf5102"
          },
          "sensitive_attributes": []
        }
      ]
    },
    {
      "mode": "data",
      "type": "aws_vpc",
      "name": "c7-vpc",
      "provider": "provider[\"registry.terraform.io/hashicorp/aws\"]",
      "instances": [
        {
          "schema_version": 0,
          "attributes": {
            "arn": "arn:aws:ec2:eu-west-2:605126261673:vpc/vpc-010fd888c94cf5102",
            "cidr_block": "10.0.0.0/16",
            "cidr_block_associations": [
              {
                "association_id": "vpc-cidr-assoc-0cf15c44ac1ba3fbe",
                "cidr_block": "10.0.0.0/16",
                "state": "associated"
              }
            ],
            "default": false,
            "dhcp_options_id": "dopt-060bb445806e8334c",
            "enable_dns_hostnames": true,
            "enable_dns_support": true,
            "enable_network_address_usage_metrics": false,
            "filter": null,
            "id": "vpc-010fd888c94cf5102",
            "instance_tenancy": "default",
            "ipv6_association_id": "",
            "ipv6_cidr_block": "",
            "main_route_table_id": "rtb-008ee0cc86c9f06a5",
            "owner_id": "605126261673",
            "state": null,
            "tags": {
              "Name": "c7-vpc"
            },
            "timeouts": null
          },
          "sensitive_attributes": []
        }
      ]
    },
    {
      "mode": "managed",
      "type": "aws_cloudwatch_log_group",
      "name": "MyLogGroup",
      "provider": "provider[\"registry.terraform.io/hashicorp/aws\"]",
      "instances": [
        {
          "schema_version": 0,
          "attributes": {
            "arn": "arn:aws:logs:eu-west-2:605126261673:log-group:sentiment-log-group",
            "id": "sentiment-log-group",
            "kms_key_id": "",
            "name": "sentiment-log-group",
            "name_prefix": "",
            "retention_in_days": 0,
            "skip_destroy": false,
            "tags": null,
            "tags_all": {}
          },
          "sensitive_attributes": [],
          "private": "bnVsbA=="
        }
      ]
    },
    {
      "mode": "managed",
      "type": "aws_db_instance",
      "name": "sentiment-db",
      "provider": "provider[\"registry.terraform.io/hashicorp/aws\"]",
      "instances": [
        {
          "schema_version": 1,
          "attributes": {
            "address": "sentiment-db.c1i5dspnearp.eu-west-2.rds.amazonaws.com",
            "allocated_storage": 20,
            "allow_major_version_upgrade": null,
            "apply_immediately": false,
            "arn": "arn:aws:rds:eu-west-2:605126261673:db:sentiment-db",
            "auto_minor_version_upgrade": true,
            "availability_zone": "eu-west-2b",
            "backup_retention_period": 0,
            "backup_window": "23:01-23:31",
            "blue_green_update": [],
            "ca_cert_identifier": "rds-ca-2019",
            "character_set_name": "",
            "copy_tags_to_snapshot": false,
            "custom_iam_instance_profile": "",
            "customer_owned_ip_enabled": false,
            "db_name": "",
            "db_subnet_group_name": "c7-db-subnet-group",
            "delete_automated_backups": true,
            "deletion_protection": false,
            "domain": "",
            "domain_iam_role_name": "",
            "enabled_cloudwatch_logs_exports": null,
            "endpoint": "sentiment-db.c1i5dspnearp.eu-west-2.rds.amazonaws.com:5432",
            "engine": "postgres",
            "engine_version": "14.1",
            "engine_version_actual": "14.1",
            "final_snapshot_identifier": null,
            "hosted_zone_id": "Z1TTGA775OQIYO",
            "iam_database_authentication_enabled": false,
            "id": "sentiment-db",
            "identifier": "sentiment-db",
            "identifier_prefix": "",
            "instance_class": "db.t3.micro",
            "iops": 0,
            "kms_key_id": "",
            "latest_restorable_time": "",
            "license_model": "postgresql-license",
            "listener_endpoint": [],
            "maintenance_window": "mon:00:30-mon:01:00",
            "manage_master_user_password": null,
            "master_user_secret": [],
            "master_user_secret_kms_key_id": null,
            "max_allocated_storage": 0,
            "monitoring_interval": 0,
            "monitoring_role_arn": "",
            "multi_az": false,
            "name": "",
            "nchar_character_set_name": "",
            "network_type": "IPV4",
            "option_group_name": "default:postgres-14",
            "parameter_group_name": "default.postgres14",
            "password": "LondonIsBlue",
            "performance_insights_enabled": false,
            "performance_insights_kms_key_id": "",
            "performance_insights_retention_period": 0,
            "port": 5432,
            "publicly_accessible": true,
            "replica_mode": "",
            "replicas": [],
            "replicate_source_db": "",
            "resource_id": "db-L5P3LWBULVBRX5YUTOU7Q6TZBY",
            "restore_to_point_in_time": [],
            "s3_import": [],
            "security_group_names": null,
            "skip_final_snapshot": true,
            "snapshot_identifier": null,
            "status": "available",
            "storage_encrypted": false,
            "storage_throughput": 0,
            "storage_type": "gp2",
            "tags": null,
            "tags_all": {},
            "timeouts": null,
            "timezone": "",
            "username": "postgres",
            "vpc_security_group_ids": [
              "sg-01745c9fa38b8ed68"
            ]
          },
          "sensitive_attributes": [],
          "private": "eyJlMmJmYjczMC1lY2FhLTExZTYtOGY4OC0zNDM2M2JjN2M0YzAiOnsiY3JlYXRlIjoyNDAwMDAwMDAwMDAwLCJkZWxldGUiOjM2MDAwMDAwMDAwMDAsInVwZGF0ZSI6NDgwMDAwMDAwMDAwMH0sInNjaGVtYV92ZXJzaW9uIjoiMSJ9",
          "dependencies": [
            "data.aws_db_subnet_group.c7-subnets",
            "data.aws_security_group.c7-remote-access"
          ]
        }
      ]
    },
    {
      "mode": "managed",
      "type": "aws_iam_policy",
      "name": "sentiment-event-bridge-policy",
      "provider": "provider[\"registry.terraform.io/hashicorp/aws\"]",
      "instances": [
        {
          "schema_version": 0,
          "attributes": {
            "arn": "arn:aws:iam::605126261673:policy/sentiment-event-bridge-policy",
            "description": "",
            "id": "arn:aws:iam::605126261673:policy/sentiment-event-bridge-policy",
            "name": "sentiment-event-bridge-policy",
            "name_prefix": "",
            "path": "/",
            "policy": "{\"Statement\":[{\"Action\":[\"states:StartExecution\"],\"Effect\":\"Allow\",\"Resource\":\"arn:aws:states:eu-west-2:605126261673:stateMachine:sentiment-step-function\"}],\"Version\":\"2012-10-17\"}",
            "policy_id": "ANPAYZZCV7OURX7LULX4H",
            "tags": null,
            "tags_all": {}
          },
          "sensitive_attributes": [],
          "private": "bnVsbA==",
          "dependencies": [
            "aws_cloudwatch_log_group.MyLogGroup",
            "aws_db_instance.sentiment-db",
            "aws_iam_role.lambda-role",
            "aws_iam_role.sentiment-state-machine-role",
            "aws_lambda_function.sentiment-extract",
            "aws_lambda_function.sentiment-load",
            "aws_sfn_state_machine.sfn_state_machine",
            "data.aws_db_subnet_group.c7-subnets",
            "data.aws_security_group.c7-remote-access"
          ]
        }
      ]
    },
    {
      "mode": "managed",
      "type": "aws_iam_policy",
      "name": "sentiment-state-machine-lambda-policy",
      "provider": "provider[\"registry.terraform.io/hashicorp/aws\"]",
      "instances": [
        {
          "schema_version": 0,
          "attributes": {
            "arn": "arn:aws:iam::605126261673:policy/sentiment-state-machine-lambda-policy",
            "description": "",
            "id": "arn:aws:iam::605126261673:policy/sentiment-state-machine-lambda-policy",
            "name": "sentiment-state-machine-lambda-policy",
            "name_prefix": "",
            "path": "/",
            "policy": "{\"Statement\":[{\"Action\":[\"lambda:InvokeFunction\"],\"Effect\":\"Allow\",\"Resource\":[\"arn:aws:lambda:eu-west-2:605126261673:function:sentiment-extract\",\"arn:aws:lambda:eu-west-2:605126261673:function:sentiment-load\"]}],\"Version\":\"2012-10-17\"}",
            "policy_id": "ANPAYZZCV7OU423E5IEDY",
            "tags": null,
            "tags_all": {}
          },
          "sensitive_attributes": [],
          "private": "bnVsbA==",
          "dependencies": [
            "aws_db_instance.sentiment-db",
            "aws_iam_role.lambda-role",
            "aws_lambda_function.sentiment-extract",
            "aws_lambda_function.sentiment-load",
            "data.aws_db_subnet_group.c7-subnets",
            "data.aws_security_group.c7-remote-access"
          ]
        }
      ]
    },
    {
      "mode": "managed",
      "type": "aws_iam_policy",
      "name": "sentiment-state-machine-log-delivery-policy",
      "provider": "provider[\"registry.terraform.io/hashicorp/aws\"]",
      "instances": [
        {
          "schema_version": 0,
          "attributes": {
            "arn": "arn:aws:iam::605126261673:policy/sentiment-state-machine-log-delivery-policy",
            "description": "",
            "id": "arn:aws:iam::605126261673:policy/sentiment-state-machine-log-delivery-policy",
            "name": "sentiment-state-machine-log-delivery-policy",
            "name_prefix": "",
            "path": "/",
            "policy": "{\"Statement\":[{\"Action\":[\"logs:CreateLogDelivery\",\"logs:GetLogDelivery\",\"logs:UpdateLogDelivery\",\"logs:DeleteLogDelivery\",\"logs:ListLogDeliveries\",\"logs:PutResourcePolicy\",\"logs:DescribeResourcePolicies\",\"logs:DescribeLogGroups\"],\"Effect\":\"Allow\",\"Resource\":\"*\"}],\"Version\":\"2012-10-17\"}",
            "policy_id": "ANPAYZZCV7OUYBJOEIIF5",
            "tags": null,
            "tags_all": {}
          },
          "sensitive_attributes": [],
          "private": "bnVsbA=="
        }
      ]
    },
    {
      "mode": "managed",
      "type": "aws_iam_role",
      "name": "lambda-role",
      "provider": "provider[\"registry.terraform.io/hashicorp/aws\"]",
      "instances": [
        {
          "schema_version": 0,
          "attributes": {
            "arn": "arn:aws:iam::605126261673:role/iam-sentiment-for-lambda20230518110249791800000001",
            "assume_role_policy": "{\"Statement\":[{\"Action\":\"sts:AssumeRole\",\"Effect\":\"Allow\",\"Principal\":{\"Service\":\"lambda.amazonaws.com\"}}],\"Version\":\"2012-10-17\"}",
            "create_date": "2023-05-18T11:02:50Z",
            "description": "",
            "force_detach_policies": false,
            "id": "iam-sentiment-for-lambda20230518110249791800000001",
            "inline_policy": [],
            "managed_policy_arns": [],
            "max_session_duration": 3600,
            "name": "iam-sentiment-for-lambda20230518110249791800000001",
            "name_prefix": "iam-sentiment-for-lambda",
            "path": "/",
            "permissions_boundary": null,
            "role_last_used": [
              {
                "last_used_date": "",
                "region": ""
              }
            ],
            "tags": null,
            "tags_all": {},
            "unique_id": "AROAYZZCV7OU6FFWHJL6W"
          },
          "sensitive_attributes": [],
          "private": "bnVsbA=="
        }
      ]
    },
    {
      "mode": "managed",
      "type": "aws_iam_role",
      "name": "sentiment-event-bridge-role",
      "provider": "provider[\"registry.terraform.io/hashicorp/aws\"]",
      "instances": [
        {
          "schema_version": 0,
          "attributes": {
            "arn": "arn:aws:iam::605126261673:role/sentiment-event-bridge-role",
            "assume_role_policy": "{\"Statement\":[{\"Action\":\"sts:AssumeRole\",\"Effect\":\"Allow\",\"Principal\":{\"Service\":\"events.amazonaws.com\"}}],\"Version\":\"2012-10-17\"}",
            "create_date": "2023-05-18T11:02:50Z",
            "description": "",
            "force_detach_policies": false,
            "id": "sentiment-event-bridge-role",
            "inline_policy": [],
            "managed_policy_arns": [
              "arn:aws:iam::605126261673:policy/sentiment-event-bridge-policy"
            ],
            "max_session_duration": 3600,
            "name": "sentiment-event-bridge-role",
            "name_prefix": "",
            "path": "/",
            "permissions_boundary": null,
            "role_last_used": [
              {
                "last_used_date": "",
                "region": ""
              }
            ],
            "tags": {},
            "tags_all": {},
            "unique_id": "AROAYZZCV7OU43A5633BY"
          },
          "sensitive_attributes": [],
          "private": "bnVsbA=="
        }
      ]
    },
    {
      "mode": "managed",
      "type": "aws_iam_role",
      "name": "sentiment-state-machine-role",
      "provider": "provider[\"registry.terraform.io/hashicorp/aws\"]",
      "instances": [
        {
          "schema_version": 0,
          "attributes": {
            "arn": "arn:aws:iam::605126261673:role/sentiment-state-machine-role",
            "assume_role_policy": "{\"Statement\":[{\"Action\":\"sts:AssumeRole\",\"Effect\":\"Allow\",\"Principal\":{\"Service\":\"states.amazonaws.com\"}}],\"Version\":\"2012-10-17\"}",
            "create_date": "2023-05-18T11:02:50Z",
            "description": "",
            "force_detach_policies": false,
            "id": "sentiment-state-machine-role",
            "inline_policy": [],
            "managed_policy_arns": [],
            "max_session_duration": 3600,
            "name": "sentiment-state-machine-role",
            "name_prefix": "",
            "path": "/",
            "permissions_boundary": null,
            "role_last_used": [
              {
                "last_used_date": "",
                "region": ""
              }
            ],
            "tags": null,
            "tags_all": {},
            "unique_id": "AROAYZZCV7OUVJUI2EBAQ"
          },
          "sensitive_attributes": [],
          "private": "bnVsbA=="
        }
      ]
    },
    {
      "mode": "managed",
      "type": "aws_iam_role_policy_attachment",
      "name": "sentiment-event-bridge-policy-attachment",
      "provider": "provider[\"registry.terraform.io/hashicorp/aws\"]",
      "instances": [
        {
          "schema_version": 0,
          "attributes": {
            "id": "sentiment-event-bridge-role-20230518110642320700000005",
            "policy_arn": "arn:aws:iam::605126261673:policy/sentiment-event-bridge-policy",
            "role": "sentiment-event-bridge-role"
          },
          "sensitive_attributes": [],
          "private": "bnVsbA==",
          "dependencies": [
            "aws_cloudwatch_log_group.MyLogGroup",
            "aws_db_instance.sentiment-db",
            "aws_iam_policy.sentiment-event-bridge-policy",
            "aws_iam_role.lambda-role",
            "aws_iam_role.sentiment-event-bridge-role",
            "aws_iam_role.sentiment-state-machine-role",
            "aws_lambda_function.sentiment-extract",
            "aws_lambda_function.sentiment-load",
            "aws_sfn_state_machine.sfn_state_machine",
            "data.aws_db_subnet_group.c7-subnets",
            "data.aws_security_group.c7-remote-access"
          ]
        }
      ]
    },
    {
      "mode": "managed",
      "type": "aws_iam_role_policy_attachment",
      "name": "sentiment-state-machine-lambda-policy-attachment",
      "provider": "provider[\"registry.terraform.io/hashicorp/aws\"]",
      "instances": [
        {
          "schema_version": 0,
          "attributes": {
            "id": "sentiment-state-machine-role-20230518110642191400000004",
            "policy_arn": "arn:aws:iam::605126261673:policy/sentiment-state-machine-lambda-policy",
            "role": "sentiment-state-machine-role"
          },
          "sensitive_attributes": [],
          "private": "bnVsbA==",
          "dependencies": [
            "aws_db_instance.sentiment-db",
            "aws_iam_policy.sentiment-state-machine-lambda-policy",
            "aws_iam_role.lambda-role",
            "aws_iam_role.sentiment-state-machine-role",
            "aws_lambda_function.sentiment-extract",
            "aws_lambda_function.sentiment-load",
            "data.aws_db_subnet_group.c7-subnets",
            "data.aws_security_group.c7-remote-access"
          ]
        }
      ]
    },
    {
      "mode": "managed",
      "type": "aws_iam_role_policy_attachment",
      "name": "sentiment-state-machine-policy-attachment",
      "provider": "provider[\"registry.terraform.io/hashicorp/aws\"]",
      "instances": [
        {
          "schema_version": 0,
          "attributes": {
            "id": "sentiment-state-machine-role-20230518110250776900000002",
            "policy_arn": "arn:aws:iam::605126261673:policy/sentiment-state-machine-log-delivery-policy",
            "role": "sentiment-state-machine-role"
          },
          "sensitive_attributes": [],
          "private": "bnVsbA==",
          "dependencies": [
            "aws_iam_policy.sentiment-state-machine-log-delivery-policy",
            "aws_iam_role.sentiment-state-machine-role"
          ]
        }
      ]
    },
    {
      "mode": "managed",
      "type": "aws_lambda_function",
      "name": "sentiment-extract",
      "provider": "provider[\"registry.terraform.io/hashicorp/aws\"]",
      "instances": [
        {
          "schema_version": 0,
          "attributes": {
            "architectures": [
              "arm64"
            ],
            "arn": "arn:aws:lambda:eu-west-2:605126261673:function:sentiment-extract",
            "code_signing_config_arn": "",
            "dead_letter_config": [],
            "description": "",
            "environment": [
              {
                "variables": {
                  "access_key": "AKIAYZZCV7OUTSFWTUV4",
                  "bucket_name": "sentiment-s3",
                  "client_id": "MpxjMuBRhV7gsHMOmhWSyw",
                  "client_secret": "4x2lKHUhOvBkvm2JdLA8FZuK6S-C_Q",
                  "num_posts": "30",
                  "region_name": "eu-west-2",
                  "secret_access_key": "588JjlE5i1jT9QS2XvoBDxGj8RFNMCX5yxvKCA4r",
                  "subreddit_name": "technology",
                  "user_agent": "Scraper 1.0 by /u/Responsible_Coach877"
                }
              }
            ],
            "ephemeral_storage": [
              {
                "size": 512
              }
            ],
            "file_system_config": [],
            "filename": null,
            "function_name": "sentiment-extract",
            "handler": "",
            "id": "sentiment-extract",
            "image_config": [],
            "image_uri": "605126261673.dkr.ecr.eu-west-2.amazonaws.com/sentiment-extract:latest",
            "invoke_arn": "arn:aws:apigateway:eu-west-2:lambda:path/2015-03-31/functions/arn:aws:lambda:eu-west-2:605126261673:function:sentiment-extract/invocations",
            "kms_key_arn": "",
            "last_modified": "2023-05-18T11:03:06.471+0000",
            "layers": null,
            "memory_size": 3010,
            "package_type": "Image",
            "publish": false,
            "qualified_arn": "arn:aws:lambda:eu-west-2:605126261673:function:sentiment-extract:$LATEST",
            "qualified_invoke_arn": "arn:aws:apigateway:eu-west-2:lambda:path/2015-03-31/functions/arn:aws:lambda:eu-west-2:605126261673:function:sentiment-extract:$LATEST/invocations",
            "replace_security_groups_on_destroy": null,
            "replacement_security_group_ids": null,
            "reserved_concurrent_executions": -1,
            "role": "arn:aws:iam::605126261673:role/iam-sentiment-for-lambda20230518110249791800000001",
            "runtime": "",
            "s3_bucket": null,
            "s3_key": null,
            "s3_object_version": null,
            "signing_job_arn": "",
            "signing_profile_version_arn": "",
            "skip_destroy": false,
            "snap_start": [],
            "source_code_hash": "56e5531c8047e9eca0c469853d7b95e95fc7104672a9961b8fc02173cf96c114",
            "source_code_size": 0,
            "tags": null,
            "tags_all": {},
            "timeout": 900,
            "timeouts": null,
            "tracing_config": [
              {
                "mode": "PassThrough"
              }
            ],
            "version": "$LATEST",
            "vpc_config": []
          },
          "sensitive_attributes": [],
          "private": "eyJlMmJmYjczMC1lY2FhLTExZTYtOGY4OC0zNDM2M2JjN2M0YzAiOnsiY3JlYXRlIjo2MDAwMDAwMDAwMDAsImRlbGV0ZSI6NjAwMDAwMDAwMDAwLCJ1cGRhdGUiOjYwMDAwMDAwMDAwMH19",
          "dependencies": [
            "aws_iam_role.lambda-role"
          ]
        }
      ]
    },
    {
      "mode": "managed",
      "type": "aws_lambda_function",
      "name": "sentiment-load",
      "provider": "provider[\"registry.terraform.io/hashicorp/aws\"]",
      "instances": [
        {
          "schema_version": 0,
          "attributes": {
            "architectures": [
              "arm64"
            ],
            "arn": "arn:aws:lambda:eu-west-2:605126261673:function:sentiment-load",
            "code_signing_config_arn": "",
            "dead_letter_config": [],
            "description": "",
            "environment": [
              {
                "variables": {
                  "DB_HOST": "sentiment-db.c1i5dspnearp.eu-west-2.rds.amazonaws.com",
                  "DB_NAME": "postgres",
                  "DB_PASSWORD": "LondonIsBlue",
                  "DB_PORT": "5432",
                  "DB_USER": "postgres",
                  "access_key": "AKIAYZZCV7OUTSFWTUV4",
                  "bucket_name": "sentiment-s3",
                  "region_name": "eu-west-2",
                  "secret_access_key": "588JjlE5i1jT9QS2XvoBDxGj8RFNMCX5yxvKCA4r"
                }
              }
            ],
            "ephemeral_storage": [
              {
                "size": 512
              }
            ],
            "file_system_config": [],
            "filename": null,
            "function_name": "sentiment-load",
            "handler": "",
            "id": "sentiment-load",
            "image_config": [],
            "image_uri": "605126261673.dkr.ecr.eu-west-2.amazonaws.com/sentiment-load:latest",
            "invoke_arn": "arn:aws:apigateway:eu-west-2:lambda:path/2015-03-31/functions/arn:aws:lambda:eu-west-2:605126261673:function:sentiment-load/invocations",
            "kms_key_arn": "",
            "last_modified": "2023-05-18T11:06:22.447+0000",
            "layers": null,
            "memory_size": 3010,
            "package_type": "Image",
            "publish": false,
            "qualified_arn": "arn:aws:lambda:eu-west-2:605126261673:function:sentiment-load:$LATEST",
            "qualified_invoke_arn": "arn:aws:apigateway:eu-west-2:lambda:path/2015-03-31/functions/arn:aws:lambda:eu-west-2:605126261673:function:sentiment-load:$LATEST/invocations",
            "replace_security_groups_on_destroy": null,
            "replacement_security_group_ids": null,
            "reserved_concurrent_executions": -1,
            "role": "arn:aws:iam::605126261673:role/iam-sentiment-for-lambda20230518110249791800000001",
            "runtime": "",
            "s3_bucket": null,
            "s3_key": null,
            "s3_object_version": null,
            "signing_job_arn": "",
            "signing_profile_version_arn": "",
            "skip_destroy": false,
            "snap_start": [],
            "source_code_hash": "63957dfb4b15f81a58d0c2a062c80faf8d4a05a5e5019a6dd5267d5decc08e74",
            "source_code_size": 0,
            "tags": null,
            "tags_all": {},
            "timeout": 900,
            "timeouts": null,
            "tracing_config": [
              {
                "mode": "PassThrough"
              }
            ],
            "version": "$LATEST",
            "vpc_config": []
          },
          "sensitive_attributes": [],
          "private": "eyJlMmJmYjczMC1lY2FhLTExZTYtOGY4OC0zNDM2M2JjN2M0YzAiOnsiY3JlYXRlIjo2MDAwMDAwMDAwMDAsImRlbGV0ZSI6NjAwMDAwMDAwMDAwLCJ1cGRhdGUiOjYwMDAwMDAwMDAwMH19",
          "dependencies": [
            "aws_db_instance.sentiment-db",
            "aws_iam_role.lambda-role",
            "data.aws_db_subnet_group.c7-subnets",
            "data.aws_security_group.c7-remote-access"
          ]
        }
      ]
    },
    {
      "mode": "managed",
      "type": "aws_s3_bucket",
      "name": "s3_bucket",
      "provider": "provider[\"registry.terraform.io/hashicorp/aws\"]",
      "instances": [
        {
          "schema_version": 0,
          "attributes": {
            "acceleration_status": "",
            "acl": null,
            "arn": "arn:aws:s3:::sentiment-s3",
            "bucket": "sentiment-s3",
            "bucket_domain_name": "sentiment-s3.s3.amazonaws.com",
            "bucket_prefix": "",
            "bucket_regional_domain_name": "sentiment-s3.s3.eu-west-2.amazonaws.com",
            "cors_rule": [],
            "force_destroy": false,
            "grant": [
              {
                "id": "4f96e85a135df0d7f0345547f537c552d0c13db96b14ba67aaab85d4be9375a4",
                "permissions": [
                  "FULL_CONTROL"
                ],
                "type": "CanonicalUser",
                "uri": ""
              }
            ],
            "hosted_zone_id": "Z3GKZC51ZF0DB4",
            "id": "sentiment-s3",
            "lifecycle_rule": [],
            "logging": [],
            "object_lock_configuration": [],
            "object_lock_enabled": false,
            "policy": "",
            "region": "eu-west-2",
            "replication_configuration": [],
            "request_payer": "BucketOwner",
            "server_side_encryption_configuration": [
              {
                "rule": [
                  {
                    "apply_server_side_encryption_by_default": [
                      {
                        "kms_master_key_id": "",
                        "sse_algorithm": "AES256"
                      }
                    ],
                    "bucket_key_enabled": false
                  }
                ]
              }
            ],
            "tags": {},
            "tags_all": {},
            "timeouts": null,
            "versioning": [
              {
                "enabled": false,
                "mfa_delete": false
              }
            ],
            "website": [],
            "website_domain": null,
            "website_endpoint": null
          },
          "sensitive_attributes": [],
          "private": "eyJlMmJmYjczMC1lY2FhLTExZTYtOGY4OC0zNDM2M2JjN2M0YzAiOnsiY3JlYXRlIjoxMjAwMDAwMDAwMDAwLCJkZWxldGUiOjM2MDAwMDAwMDAwMDAsInJlYWQiOjEyMDAwMDAwMDAwMDAsInVwZGF0ZSI6MTIwMDAwMDAwMDAwMH19"
        }
      ]
    },
    {
      "mode": "managed",
      "type": "aws_sfn_state_machine",
      "name": "sfn_state_machine",
      "provider": "provider[\"registry.terraform.io/hashicorp/aws\"]",
      "instances": [
        {
          "schema_version": 0,
          "attributes": {
            "arn": "arn:aws:states:eu-west-2:605126261673:stateMachine:sentiment-step-function",
            "creation_date": "2023-05-18T11:06:41Z",
            "definition": "  {\n    \"Comment\": \"Invoke AWS Lambda from AWS Step Functions with Terraform\",\n    \"StartAt\": \"Extract\",\n    \"States\": {\n      \"Extract\": {\n        \"Type\": \"Task\",\n        \"Resource\": \"arn:aws:lambda:eu-west-2:605126261673:function:sentiment-extract\",\n        \"Next\": \"Load\"\n      },\n      \"Load\" : {\n        \"Type\": \"Task\",\n        \"Resource\": \"arn:aws:lambda:eu-west-2:605126261673:function:sentiment-load\",\n        \"End\": true\n      }\n    }\n  }\n",
            "id": "arn:aws:states:eu-west-2:605126261673:stateMachine:sentiment-step-function",
            "logging_configuration": [
              {
                "include_execution_data": true,
                "level": "ALL",
                "log_destination": "arn:aws:logs:eu-west-2:605126261673:log-group:sentiment-log-group:*"
              }
            ],
            "name": "sentiment-step-function",
            "name_prefix": "",
            "role_arn": "arn:aws:iam::605126261673:role/sentiment-state-machine-role",
            "status": "ACTIVE",
            "tags": null,
            "tags_all": {},
            "timeouts": null,
            "tracing_configuration": [
              {
                "enabled": false
              }
            ],
            "type": "STANDARD"
          },
          "sensitive_attributes": [],
          "private": "eyJlMmJmYjczMC1lY2FhLTExZTYtOGY4OC0zNDM2M2JjN2M0YzAiOnsiY3JlYXRlIjozMDAwMDAwMDAwMDAsImRlbGV0ZSI6MzAwMDAwMDAwMDAwLCJ1cGRhdGUiOjYwMDAwMDAwMDAwfX0=",
          "dependencies": [
            "aws_cloudwatch_log_group.MyLogGroup",
            "aws_db_instance.sentiment-db",
            "aws_iam_role.lambda-role",
            "aws_iam_role.sentiment-state-machine-role",
            "aws_lambda_function.sentiment-extract",
            "aws_lambda_function.sentiment-load",
            "data.aws_db_subnet_group.c7-subnets",
            "data.aws_security_group.c7-remote-access"
          ]
        }
      ]
    }
  ],
  "check_results": null
}
